{
  "name": "@intermesh/groupoffice-core",
  "version": "1.0.5",
  "lockfileVersion": 3,
  "requires": true,
  "packages": {
    "": {
      "name": "@intermesh/groupoffice-core",
      "version": "1.0.5",
      "license": "LGPL-3.0-or-later",
      "dependencies": {
        "@fortaine/fetch-event-source": "latest",
        "@intermesh/goui": "latest"
      },
      "devDependencies": {
        "typescript": "latest"
      }
    },
    "node_modules/@fortaine/fetch-event-source": {
      "version": "3.0.6",
      "resolved": "https://registry.npmjs.org/@fortaine/fetch-event-source/-/fetch-event-source-3.0.6.tgz",
      "integrity": "sha512-621GAuLMvKtyZQ3IA6nlDWhV1V/7PGOTNIGLUifxt0KzM+dZIweJ6F3XvQF3QnqeNfS1N7WQ0Kil1Di/lhChEw==",
      "engines": {
        "node": ">=16.15"
      }
    },
    "node_modules/@intermesh/goui": {
      "version": "1.0.17",
      "resolved": "https://registry.npmjs.org/@intermesh/goui/-/goui-1.0.17.tgz",
      "integrity": "sha512-jtbDjoumx5Z7o4zIpEQj+udg4lF5cs9/GrrC1l4jJzcm2vjHiqnoPICIaGmY9C6UaqDa+BWr3Xf7dXvt70v9RQ=="
    },
    "node_modules/typescript": {
      "version": "5.1.3",
      "resolved": "https://registry.npmjs.org/typescript/-/typescript-5.1.3.tgz",
      "integrity": "sha512-XH627E9vkeqhlZFQuL+UsyAXEnibT0kWR2FWONlr4sTjvxyJYnyefgrkyECLzM5NenmKzRAy2rR/OlYLA1HkZw==",
      "dev": true,
      "bin": {
        "tsc": "bin/tsc",
        "tsserver": "bin/tsserver"
      },
      "engines": {
        "node": ">=14.17"
      }
    }
  }
}
