{
  "name": "@intermesh/groupoffice-core",
  "version": "1.0.5",
  "lockfileVersion": 3,
  "requires": true,
  "packages": {
    "": {
      "name": "@intermesh/groupoffice-core",
      "version": "1.0.5",
      "license": "LGPL-3.0-or-later",
      "dependencies": {
        "@fortaine/fetch-event-source": "latest",
        "@intermesh/goui": "latest"
      },
      "devDependencies": {
        "typescript": "latest"
      }
    },
    "node_modules/@fortaine/fetch-event-source": {
      "version": "3.0.6",
      "resolved": "https://registry.npmjs.org/@fortaine/fetch-event-source/-/fetch-event-source-3.0.6.tgz",
      "integrity": "sha512-621GAuLMvKtyZQ3IA6nlDWhV1V/7PGOTNIGLUifxt0KzM+dZIweJ6F3XvQF3QnqeNfS1N7WQ0Kil1Di/lhChEw==",
      "engines": {
        "node": ">=16.15"
      }
    },
    "node_modules/@intermesh/goui": {
      "version": "1.0.19",
      "resolved": "https://registry.npmjs.org/@intermesh/goui/-/goui-1.0.19.tgz",
      "integrity": "sha512-wRtJGg8WQ3eem5lmCk2GYjqcuZXVi+sGs+Izwxgd5Yrz+W2GnvacSHEysXXc5UdjvYsJomZuYmr8o+qMiAPpEA=="
    },
    "node_modules/typescript": {
      "version": "5.1.6",
      "resolved": "https://registry.npmjs.org/typescript/-/typescript-5.1.6.tgz",
      "integrity": "sha512-zaWCozRZ6DLEWAWFrVDz1H6FVXzUSfTy5FUMWsQlU8Ym5JP9eO4xkTIROFCQvhQf61z6O/G6ugw3SgAnvvm+HA==",
      "dev": true,
      "bin": {
        "tsc": "bin/tsc",
        "tsserver": "bin/tsserver"
      },
      "engines": {
        "node": ">=14.17"
      }
    }
  }
}
