{
  "name": "@intermesh/groupoffice-core",
  "version": "1.0.3",
  "lockfileVersion": 3,
  "requires": true,
  "packages": {
    "": {
      "name": "@intermesh/groupoffice-core",
      "version": "1.0.3",
      "license": "LGPL-3.0-or-later",
      "dependencies": {
        "@fortaine/fetch-event-source": "latest",
        "@intermesh/goui": "latest"
      },
      "devDependencies": {
        "typescript": "latest"
      }
    },
    "node_modules/@fortaine/fetch-event-source": {
      "version": "3.0.6",
      "resolved": "https://registry.npmjs.org/@fortaine/fetch-event-source/-/fetch-event-source-3.0.6.tgz",
      "integrity": "sha512-621GAuLMvKtyZQ3IA6nlDWhV1V/7PGOTNIGLUifxt0KzM+dZIweJ6F3XvQF3QnqeNfS1N7WQ0Kil1Di/lhChEw==",
      "engines": {
        "node": ">=16.15"
      }
    },
    "node_modules/@intermesh/goui": {
      "version": "1.0.6",
      "resolved": "https://registry.npmjs.org/@intermesh/goui/-/goui-1.0.6.tgz",
      "integrity": "sha512-69kiZvu3Ivz5tyEbtmf9Mvmegsb50Isx8yoyo3NUr2SR9AgtVlaMHmQih3N882P9KitfSXahyzbYBgYKhP+3Qg=="
    },
    "node_modules/typescript": {
      "version": "5.0.4",
      "resolved": "https://registry.npmjs.org/typescript/-/typescript-5.0.4.tgz",
      "integrity": "sha512-cW9T5W9xY37cc+jfEnaUvX91foxtHkza3Nw3wkoF4sSlKn0MONdkdEndig/qPBWXNkmplh3NzayQzCiHM4/hqw==",
      "dev": true,
      "bin": {
        "tsc": "bin/tsc",
        "tsserver": "bin/tsserver"
      },
      "engines": {
        "node": ">=12.20"
      }
    }
  }
}
